<?xml version="1.0" encoding="utf-8"?>
<Project ToolsVersion="4.0" xmlns="http://schemas.microsoft.com/developer/msbuild/2003">
  <ItemGroup>
    <Filter Include="Source Files">
      <UniqueIdentifier>{39b6a663-eac4-40fe-847d-958aaffa1d13}</UniqueIdentifier>
      <Extensions>cpp;c;cxx;rc;def;r;odl;idl;hpj;bat</Extensions>
    </Filter>
    <Filter Include="Header Files">
      <UniqueIdentifier>{8572dfb9-7194-45be-a18b-e96211d952f4}</UniqueIdentifier>
      <Extensions>h;hpp;hxx;hm;inl</Extensions>
    </Filter>
  </ItemGroup>
  <ItemGroup>
    <ClCompile Include="..\libao\audio_out.c">
      <Filter>Source Files</Filter>
    </ClCompile>
    <ClCompile Include="..\libao\audio_out_aif.c">
      <Filter>Source Files</Filter>
    </ClCompile>
    <ClCompile Include="..\libao\audio_out_al.c">
      <Filter>Source Files</Filter>
    </ClCompile>
    <ClCompile Include="..\libao\audio_out_float.c">
      <Filter>Source Files</Filter>
    </ClCompile>
    <ClCompile Include="..\libao\audio_out_null.c">
      <Filter>Source Files</Filter>
    </ClCompile>
    <ClCompile Include="..\libao\audio_out_oss.c">
      <Filter>Source Files</Filter>
    </ClCompile>
    <ClCompile Include="..\libao\audio_out_peak.c">
      <Filter>Source Files</Filter>
    </ClCompile>
    <ClCompile Include="..\libao\audio_out_solaris.c">
      <Filter>Source Files</Filter>
    </ClCompile>
    <ClCompile Include="..\libao\audio_out_wav.c">
      <Filter>Source Files</Filter>
    </ClCompile>
    <ClCompile Include="..\libao\audio_out_win.c">
      <Filter>Source Files</Filter>
    </ClCompile>
    <ClCompile Include="..\libao\convert2s16.c">
      <Filter>Source Files</Filter>
    </ClCompile>
  </ItemGroup>
</Project>