<?xml version="1.0" encoding="utf-8"?>
<Project ToolsVersion="4.0" xmlns="http://schemas.microsoft.com/developer/msbuild/2003">
  <ItemGroup>
    <Filter Include="Header Files">
      <UniqueIdentifier>{93995380-89BD-4b04-88EB-625FBE52EBFB}</UniqueIdentifier>
      <Extensions>h;hpp;hxx;hm;inl;inc;xsd</Extensions>
    </Filter>
    <Filter Include="Resource Files">
      <UniqueIdentifier>{67DA6AB6-F800-4c08-8B7A-83BB121AAD01}</UniqueIdentifier>
      <Extensions>rc;ico;cur;bmp;dlg;rc2;rct;bin;rgs;gif;jpg;jpeg;jpe;resx</Extensions>
    </Filter>
    <Filter Include="Source Files">
      <UniqueIdentifier>{4FC737F1-C7A5-4376-A066-2A32D752A2FF}</UniqueIdentifier>
      <Extensions>cpp;c;cc;cxx;def;odl;idl;hpj;bat;asm;asmx</Extensions>
    </Filter>
  </ItemGroup>
  <ItemGroup>
    <ClInclude Include="..\libtwolame\ath.h">
      <Filter>Header Files</Filter>
    </ClInclude>
    <ClInclude Include="..\libtwolame\availbits.h">
      <Filter>Header Files</Filter>
    </ClInclude>
    <ClInclude Include="..\libtwolame\bitbuffer.h">
      <Filter>Header Files</Filter>
    </ClInclude>
    <ClInclude Include="..\libtwolame\common.h">
      <Filter>Header Files</Filter>
    </ClInclude>
    <ClInclude Include="configwin.h">
      <Filter>Header Files</Filter>
    </ClInclude>
    <ClInclude Include="..\libtwolame\crc.h">
      <Filter>Header Files</Filter>
    </ClInclude>
    <ClInclude Include="..\libtwolame\dab.h">
      <Filter>Header Files</Filter>
    </ClInclude>
    <ClInclude Include="..\libtwolame\encode.h">
      <Filter>Header Files</Filter>
    </ClInclude>
    <ClInclude Include="..\libtwolame\energy.h">
      <Filter>Header Files</Filter>
    </ClInclude>
    <ClInclude Include="..\libtwolame\enwindow.h">
      <Filter>Header Files</Filter>
    </ClInclude>
    <ClInclude Include="..\libtwolame\fft.h">
      <Filter>Header Files</Filter>
    </ClInclude>
    <ClInclude Include="..\libtwolame\mem.h">
      <Filter>Header Files</Filter>
    </ClInclude>
    <ClInclude Include="..\libtwolame\psycho_0.h">
      <Filter>Header Files</Filter>
    </ClInclude>
    <ClInclude Include="..\libtwolame\psycho_1.h">
      <Filter>Header Files</Filter>
    </ClInclude>
    <ClInclude Include="..\libtwolame\psycho_1_critband.h">
      <Filter>Header Files</Filter>
    </ClInclude>
    <ClInclude Include="..\libtwolame\psycho_1_freqtable.h">
      <Filter>Header Files</Filter>
    </ClInclude>
    <ClInclude Include="..\libtwolame\psycho_2.h">
      <Filter>Header Files</Filter>
    </ClInclude>
    <ClInclude Include="..\libtwolame\psycho_2_absthr.h">
      <Filter>Header Files</Filter>
    </ClInclude>
    <ClInclude Include="..\libtwolame\psycho_3.h">
      <Filter>Header Files</Filter>
    </ClInclude>
    <ClInclude Include="..\libtwolame\psycho_4.h">
      <Filter>Header Files</Filter>
    </ClInclude>
    <ClInclude Include="..\libtwolame\psycho_n1.h">
      <Filter>Header Files</Filter>
    </ClInclude>
    <ClInclude Include="..\libtwolame\subband.h">
      <Filter>Header Files</Filter>
    </ClInclude>
    <ClInclude Include="..\libtwolame\twolame.h">
      <Filter>Header Files</Filter>
    </ClInclude>
    <ClInclude Include="..\libtwolame\util.h">
      <Filter>Header Files</Filter>
    </ClInclude>
    <ClInclude Include="winutil.h">
      <Filter>Header Files</Filter>
    </ClInclude>
  </ItemGroup>
  <ItemGroup>
    <ClCompile Include="..\libtwolame\ath.c">
      <Filter>Source Files</Filter>
    </ClCompile>
    <ClCompile Include="..\libtwolame\availbits.c">
      <Filter>Source Files</Filter>
    </ClCompile>
    <ClCompile Include="..\libtwolame\bitbuffer.c">
      <Filter>Source Files</Filter>
    </ClCompile>
    <ClCompile Include="..\libtwolame\crc.c">
      <Filter>Source Files</Filter>
    </ClCompile>
    <ClCompile Include="..\libtwolame\dab.c">
      <Filter>Source Files</Filter>
    </ClCompile>
    <ClCompile Include="..\libtwolame\encode.c">
      <Filter>Source Files</Filter>
    </ClCompile>
    <ClCompile Include="..\libtwolame\energy.c">
      <Filter>Source Files</Filter>
    </ClCompile>
    <ClCompile Include="..\libtwolame\fft.c">
      <Filter>Source Files</Filter>
    </ClCompile>
    <ClCompile Include="..\libtwolame\get_set.c">
      <Filter>Source Files</Filter>
    </ClCompile>
    <ClCompile Include="..\libtwolame\mem.c">
      <Filter>Source Files</Filter>
    </ClCompile>
    <ClCompile Include="..\libtwolame\psycho_0.c">
      <Filter>Source Files</Filter>
    </ClCompile>
    <ClCompile Include="..\libtwolame\psycho_1.c">
      <Filter>Source Files</Filter>
    </ClCompile>
    <ClCompile Include="..\libtwolame\psycho_2.c">
      <Filter>Source Files</Filter>
    </ClCompile>
    <ClCompile Include="..\libtwolame\psycho_3.c">
      <Filter>Source Files</Filter>
    </ClCompile>
    <ClCompile Include="..\libtwolame\psycho_4.c">
      <Filter>Source Files</Filter>
    </ClCompile>
    <ClCompile Include="..\libtwolame\psycho_n1.c">
      <Filter>Source Files</Filter>
    </ClCompile>
    <ClCompile Include="..\libtwolame\subband.c">
      <Filter>Source Files</Filter>
    </ClCompile>
    <ClCompile Include="..\libtwolame\twolame.c">
      <Filter>Source Files</Filter>
    </ClCompile>
    <ClCompile Include="..\libtwolame\util.c">
      <Filter>Source Files</Filter>
    </ClCompile>
  </ItemGroup>
</Project>