<?xml version="1.0" encoding="utf-8"?>
<Project ToolsVersion="4.0" xmlns="http://schemas.microsoft.com/developer/msbuild/2003">
  <ItemGroup>
    <Filter Include="Source Files">
      <UniqueIdentifier>{9118f84c-4982-42bc-b84b-3d6374b0a2a6}</UniqueIdentifier>
      <Extensions>cpp;c;cxx;rc;def;r;odl;idl;hpj;bat</Extensions>
    </Filter>
    <Filter Include="Header Files">
      <UniqueIdentifier>{00913009-b9e9-4324-b79a-1769ff08ce9e}</UniqueIdentifier>
      <Extensions>h;hpp;hxx;hm;inl</Extensions>
    </Filter>
  </ItemGroup>
  <ItemGroup>
    <ClCompile Include="art_affine.c">
      <Filter>Source Files</Filter>
    </ClCompile>
    <ClCompile Include="art_alphagamma.c">
      <Filter>Source Files</Filter>
    </ClCompile>
    <ClCompile Include="art_bpath.c">
      <Filter>Source Files</Filter>
    </ClCompile>
    <ClCompile Include="art_gray_svp.c">
      <Filter>Source Files</Filter>
    </ClCompile>
    <ClCompile Include="art_misc.c">
      <Filter>Source Files</Filter>
    </ClCompile>
    <ClCompile Include="art_pixbuf.c">
      <Filter>Source Files</Filter>
    </ClCompile>
    <ClCompile Include="art_rect.c">
      <Filter>Source Files</Filter>
    </ClCompile>
    <ClCompile Include="art_rect_svp.c">
      <Filter>Source Files</Filter>
    </ClCompile>
    <ClCompile Include="art_rect_uta.c">
      <Filter>Source Files</Filter>
    </ClCompile>
    <ClCompile Include="art_render.c">
      <Filter>Source Files</Filter>
    </ClCompile>
    <ClCompile Include="art_render_gradient.c">
      <Filter>Source Files</Filter>
    </ClCompile>
    <ClCompile Include="art_render_svp.c">
      <Filter>Source Files</Filter>
    </ClCompile>
    <ClCompile Include="art_rgb.c">
      <Filter>Source Files</Filter>
    </ClCompile>
    <ClCompile Include="art_rgb_a_affine.c">
      <Filter>Source Files</Filter>
    </ClCompile>
    <ClCompile Include="art_rgb_affine.c">
      <Filter>Source Files</Filter>
    </ClCompile>
    <ClCompile Include="art_rgb_affine_private.c">
      <Filter>Source Files</Filter>
    </ClCompile>
    <ClCompile Include="art_rgb_bitmap_affine.c">
      <Filter>Source Files</Filter>
    </ClCompile>
    <ClCompile Include="art_rgb_pixbuf_affine.c">
      <Filter>Source Files</Filter>
    </ClCompile>
    <ClCompile Include="art_rgb_rgba_affine.c">
      <Filter>Source Files</Filter>
    </ClCompile>
    <ClCompile Include="art_rgb_svp.c">
      <Filter>Source Files</Filter>
    </ClCompile>
    <ClCompile Include="art_rgba.c">
      <Filter>Source Files</Filter>
    </ClCompile>
    <ClCompile Include="art_svp.c">
      <Filter>Source Files</Filter>
    </ClCompile>
    <ClCompile Include="art_svp_intersect.c">
      <Filter>Source Files</Filter>
    </ClCompile>
    <ClCompile Include="art_svp_ops.c">
      <Filter>Source Files</Filter>
    </ClCompile>
    <ClCompile Include="art_svp_point.c">
      <Filter>Source Files</Filter>
    </ClCompile>
    <ClCompile Include="art_svp_render_aa.c">
      <Filter>Source Files</Filter>
    </ClCompile>
    <ClCompile Include="art_svp_vpath.c">
      <Filter>Source Files</Filter>
    </ClCompile>
    <ClCompile Include="art_svp_vpath_stroke.c">
      <Filter>Source Files</Filter>
    </ClCompile>
    <ClCompile Include="art_svp_wind.c">
      <Filter>Source Files</Filter>
    </ClCompile>
    <ClCompile Include="art_uta.c">
      <Filter>Source Files</Filter>
    </ClCompile>
    <ClCompile Include="art_uta_ops.c">
      <Filter>Source Files</Filter>
    </ClCompile>
    <ClCompile Include="art_uta_rect.c">
      <Filter>Source Files</Filter>
    </ClCompile>
    <ClCompile Include="art_uta_svp.c">
      <Filter>Source Files</Filter>
    </ClCompile>
    <ClCompile Include="art_uta_vpath.c">
      <Filter>Source Files</Filter>
    </ClCompile>
    <ClCompile Include="art_vpath.c">
      <Filter>Source Files</Filter>
    </ClCompile>
    <ClCompile Include="art_vpath_bpath.c">
      <Filter>Source Files</Filter>
    </ClCompile>
    <ClCompile Include="art_vpath_dash.c">
      <Filter>Source Files</Filter>
    </ClCompile>
    <ClCompile Include="art_vpath_svp.c">
      <Filter>Source Files</Filter>
    </ClCompile>
    <ClCompile Include="libart-features.c">
      <Filter>Source Files</Filter>
    </ClCompile>
  </ItemGroup>
  <ItemGroup>
    <CustomBuild Include="gen_art_config.c">
      <Filter>Source Files</Filter>
    </CustomBuild>
  </ItemGroup>
</Project>