<?xml version="1.0" encoding="utf-8"?>
<Project ToolsVersion="4.0" xmlns="http://schemas.microsoft.com/developer/msbuild/2003">
  <ItemGroup>
    <Filter Include="Source Files">
      <UniqueIdentifier>{4FC737F1-C7A5-4376-A066-2A32D752A2FF}</UniqueIdentifier>
      <Extensions>cpp;c;cxx;def;odl;idl;hpj;bat;asm;asmx</Extensions>
    </Filter>
    <Filter Include="Header Files">
      <UniqueIdentifier>{93995380-89BD-4b04-88EB-625FBE52EBFB}</UniqueIdentifier>
      <Extensions>h;hpp;hxx;hm;inl;inc;xsd</Extensions>
    </Filter>
  </ItemGroup>
  <ItemGroup>
    <ClCompile Include="common\os\BaseException.cxx">
      <Filter>Source Files</Filter>
    </ClCompile>
    <ClCompile Include="common\BranchParameter.cxx">
      <Filter>Source Files</Filter>
    </ClCompile>
    <ClCompile Include="ByteRange.cpp">
      <Filter>Source Files</Filter>
    </ClCompile>
    <ClCompile Include="common\os\Coders.cxx">
      <Filter>Source Files</Filter>
    </ClCompile>
    <ClCompile Include="common\os\Condition.cxx">
      <Filter>Source Files</Filter>
    </ClCompile>
    <ClCompile Include="common\Contents.cxx">
      <Filter>Source Files</Filter>
    </ClCompile>
    <ClCompile Include="common\os\CountStream.cxx">
      <Filter>Source Files</Filter>
    </ClCompile>
    <ClCompile Include="common\os\Data.cxx">
      <Filter>Source Files</Filter>
    </ClCompile>
    <ClCompile Include="common\DataParameter.cxx">
      <Filter>Source Files</Filter>
    </ClCompile>
    <ClCompile Include="common\os\DataStream.cxx">
      <Filter>Source Files</Filter>
    </ClCompile>
    <ClCompile Include="common\os\DnsUtil.cxx">
      <Filter>Source Files</Filter>
    </ClCompile>
    <ClCompile Include="common\Embedded.cxx">
      <Filter>Source Files</Filter>
    </ClCompile>
    <ClCompile Include="common\ExistsParameter.cxx">
      <Filter>Source Files</Filter>
    </ClCompile>
    <ClCompile Include="common\FloatParameter.cxx">
      <Filter>Source Files</Filter>
    </ClCompile>
    <ClCompile Include="common\GenericContents.cxx">
      <Filter>Source Files</Filter>
    </ClCompile>
    <ClCompile Include="common\HeaderFieldValue.cxx">
      <Filter>Source Files</Filter>
    </ClCompile>
    <ClCompile Include="common\HeaderFieldValueList.cxx">
      <Filter>Source Files</Filter>
    </ClCompile>
    <ClCompile Include="common\HeaderHash.cxx">
      <Filter>Source Files</Filter>
    </ClCompile>
    <ClCompile Include="common\Headers.cxx">
      <Filter>Source Files</Filter>
    </ClCompile>
    <ClCompile Include="common\HeaderTypes.cxx">
      <Filter>Source Files</Filter>
    </ClCompile>
    <ClCompile Include="common\os\HeapInstanceCounter.cxx">
      <Filter>Source Files</Filter>
    </ClCompile>
    <ClCompile Include="common\IntegerCategory.cxx">
      <Filter>Source Files</Filter>
    </ClCompile>
    <ClCompile Include="common\IntegerParameter.cxx">
      <Filter>Source Files</Filter>
    </ClCompile>
    <ClCompile Include="common\LazyParser.cxx">
      <Filter>Source Files</Filter>
    </ClCompile>
    <ClCompile Include="common\os\Lock.cxx">
      <Filter>Source Files</Filter>
    </ClCompile>
    <ClCompile Include="common\os\Log.cxx">
      <Filter>Source Files</Filter>
    </ClCompile>
    <ClCompile Include="common\os\Logger.cxx">
      <Filter>Source Files</Filter>
    </ClCompile>
    <ClCompile Include="common\os\MD5Stream.cxx">
      <Filter>Source Files</Filter>
    </ClCompile>
    <ClCompile Include="common\Message.cxx">
      <Filter>Source Files</Filter>
    </ClCompile>
    <ClCompile Include="common\Mime.cxx">
      <Filter>Source Files</Filter>
    </ClCompile>
    <ClCompile Include="common\MsgHeaderScanner.cxx">
      <Filter>Source Files</Filter>
    </ClCompile>
    <ClCompile Include="MsrpRoar.cpp">
      <Filter>Source Files</Filter>
    </ClCompile>
    <ClCompile Include="MsrpRequestLine.cpp">
      <Filter>Source Files</Filter>
    </ClCompile>
    <ClCompile Include="MsrpStatusLine.cpp">
      <Filter>Source Files</Filter>
    </ClCompile>
    <ClCompile Include="MsrpUrl.cpp">
      <Filter>Source Files</Filter>
    </ClCompile>
    <ClCompile Include="common\os\Mutex.cxx">
      <Filter>Source Files</Filter>
    </ClCompile>
    <ClCompile Include="common\OctetContents.cxx">
      <Filter>Source Files</Filter>
    </ClCompile>
    <ClCompile Include="common\Parameter.cxx">
      <Filter>Source Files</Filter>
    </ClCompile>
    <ClCompile Include="common\ParameterHash.cxx">
      <Filter>Source Files</Filter>
    </ClCompile>
    <ClCompile Include="common\ParameterTypes.cxx">
      <Filter>Source Files</Filter>
    </ClCompile>
    <ClCompile Include="common\os\ParseBuffer.cxx">
      <Filter>Source Files</Filter>
    </ClCompile>
    <ClCompile Include="common\ParserCategories.cxx">
      <Filter>Source Files</Filter>
    </ClCompile>
    <ClCompile Include="common\ParserCategory.cxx">
      <Filter>Source Files</Filter>
    </ClCompile>
    <ClCompile Include="Path.cpp">
      <Filter>Source Files</Filter>
    </ClCompile>
    <ClCompile Include="common\PlainContents.cxx">
      <Filter>Source Files</Filter>
    </ClCompile>
    <ClCompile Include="common\QopParameter.cxx">
      <Filter>Source Files</Filter>
    </ClCompile>
    <ClCompile Include="common\QuotedDataParameter.cxx">
      <Filter>Source Files</Filter>
    </ClCompile>
    <ClCompile Include="common\os\Random.cxx">
      <Filter>Source Files</Filter>
    </ClCompile>
    <ClCompile Include="ReportFailure.cpp">
      <Filter>Source Files</Filter>
    </ClCompile>
    <ClCompile Include="ReportSuccess.cpp">
      <Filter>Source Files</Filter>
    </ClCompile>
    <ClCompile Include="common\RportParameter.cxx">
      <Filter>Source Files</Filter>
    </ClCompile>
    <ClCompile Include="common\os\Socket.cxx">
      <Filter>Source Files</Filter>
    </ClCompile>
    <ClCompile Include="Status.cpp">
      <Filter>Source Files</Filter>
    </ClCompile>
    <ClCompile Include="common\StringCategory.cxx">
      <Filter>Source Files</Filter>
    </ClCompile>
    <ClCompile Include="common\os\Subsystem.cxx">
      <Filter>Source Files</Filter>
    </ClCompile>
    <ClCompile Include="common\Symbols.cxx">
      <Filter>Source Files</Filter>
    </ClCompile>
    <ClCompile Include="common\os\SysLogBuf.cxx">
      <Filter>Source Files</Filter>
    </ClCompile>
    <ClCompile Include="common\os\SysLogStream.cxx">
      <Filter>Source Files</Filter>
    </ClCompile>
    <ClCompile Include="common\os\ThreadIf.cxx">
      <Filter>Source Files</Filter>
    </ClCompile>
    <ClCompile Include="common\os\Timer.cxx">
      <Filter>Source Files</Filter>
    </ClCompile>
    <ClCompile Include="common\Token.cxx">
      <Filter>Source Files</Filter>
    </ClCompile>
    <ClCompile Include="common\UnknownHeaderType.cxx">
      <Filter>Source Files</Filter>
    </ClCompile>
    <ClCompile Include="common\UnknownParameter.cxx">
      <Filter>Source Files</Filter>
    </ClCompile>
    <ClCompile Include="common\UnknownParameterType.cxx">
      <Filter>Source Files</Filter>
    </ClCompile>
    <ClCompile Include="common\os\vmd5.cxx">
      <Filter>Source Files</Filter>
    </ClCompile>
  </ItemGroup>
  <ItemGroup>
    <ClInclude Include="common\os\BaseException.hxx">
      <Filter>Header Files</Filter>
    </ClInclude>
    <ClInclude Include="common\BranchParameter.hxx">
      <Filter>Header Files</Filter>
    </ClInclude>
    <ClInclude Include="ByteRange.h">
      <Filter>Header Files</Filter>
    </ClInclude>
    <ClInclude Include="common\os\Coders.hxx">
      <Filter>Header Files</Filter>
    </ClInclude>
    <ClInclude Include="common\os\compat.hxx">
      <Filter>Header Files</Filter>
    </ClInclude>
    <ClInclude Include="common\os\Condition.hxx">
      <Filter>Header Files</Filter>
    </ClInclude>
    <ClInclude Include="common\Contents.hxx">
      <Filter>Header Files</Filter>
    </ClInclude>
    <ClInclude Include="common\os\CountStream.hxx">
      <Filter>Header Files</Filter>
    </ClInclude>
    <ClInclude Include="common\os\Data.hxx">
      <Filter>Header Files</Filter>
    </ClInclude>
    <ClInclude Include="common\DataParameter.hxx">
      <Filter>Header Files</Filter>
    </ClInclude>
    <ClInclude Include="common\os\DataStream.hxx">
      <Filter>Header Files</Filter>
    </ClInclude>
    <ClInclude Include="common\os\DnsUtil.hxx">
      <Filter>Header Files</Filter>
    </ClInclude>
    <ClInclude Include="common\Embedded.hxx">
      <Filter>Header Files</Filter>
    </ClInclude>
    <ClInclude Include="common\ExistsParameter.hxx">
      <Filter>Header Files</Filter>
    </ClInclude>
    <ClInclude Include="common\FloatParameter.hxx">
      <Filter>Header Files</Filter>
    </ClInclude>
    <ClInclude Include="common\GenericContents.hxx">
      <Filter>Header Files</Filter>
    </ClInclude>
    <ClInclude Include="common\os\HashMap.hxx">
      <Filter>Header Files</Filter>
    </ClInclude>
    <ClInclude Include="common\HeaderFieldValue.hxx">
      <Filter>Header Files</Filter>
    </ClInclude>
    <ClInclude Include="common\HeaderFieldValueList.hxx">
      <Filter>Header Files</Filter>
    </ClInclude>
    <ClInclude Include="common\HeaderHash.hxx">
      <Filter>Header Files</Filter>
    </ClInclude>
    <ClInclude Include="common\Headers.hxx">
      <Filter>Header Files</Filter>
    </ClInclude>
    <ClInclude Include="common\HeaderTypes.hxx">
      <Filter>Header Files</Filter>
    </ClInclude>
    <ClInclude Include="common\os\HeapInstanceCounter.hxx">
      <Filter>Header Files</Filter>
    </ClInclude>
    <ClInclude Include="common\IntegerCategory.hxx">
      <Filter>Header Files</Filter>
    </ClInclude>
    <ClInclude Include="common\IntegerParameter.hxx">
      <Filter>Header Files</Filter>
    </ClInclude>
    <ClInclude Include="common\LazyParser.hxx">
      <Filter>Header Files</Filter>
    </ClInclude>
    <ClInclude Include="common\os\Lock.hxx">
      <Filter>Header Files</Filter>
    </ClInclude>
    <ClInclude Include="common\os\Lockable.hxx">
      <Filter>Header Files</Filter>
    </ClInclude>
    <ClInclude Include="common\os\Log.hxx">
      <Filter>Header Files</Filter>
    </ClInclude>
    <ClInclude Include="common\os\Logger.hxx">
      <Filter>Header Files</Filter>
    </ClInclude>
    <ClInclude Include="common\os\MD5Stream.hxx">
      <Filter>Header Files</Filter>
    </ClInclude>
    <ClInclude Include="common\Message.hxx">
      <Filter>Header Files</Filter>
    </ClInclude>
    <ClInclude Include="common\Mime.hxx">
      <Filter>Header Files</Filter>
    </ClInclude>
    <ClInclude Include="common\MsgHeaderScanner.hxx">
      <Filter>Header Files</Filter>
    </ClInclude>
    <ClInclude Include="MsrpRoar.h">
      <Filter>Header Files</Filter>
    </ClInclude>
    <ClInclude Include="MsrpRequestLine.h">
      <Filter>Header Files</Filter>
    </ClInclude>
    <ClInclude Include="MsrpStatusLine.h">
      <Filter>Header Files</Filter>
    </ClInclude>
    <ClInclude Include="MsrpUrl.h">
      <Filter>Header Files</Filter>
    </ClInclude>
    <ClInclude Include="common\os\Mutex.hxx">
      <Filter>Header Files</Filter>
    </ClInclude>
    <ClInclude Include="common\OctetContents.hxx">
      <Filter>Header Files</Filter>
    </ClInclude>
    <ClInclude Include="common\Parameter.hxx">
      <Filter>Header Files</Filter>
    </ClInclude>
    <ClInclude Include="common\ParameterHash.hxx">
      <Filter>Header Files</Filter>
    </ClInclude>
    <ClInclude Include="common\ParameterTypeEnums.hxx">
      <Filter>Header Files</Filter>
    </ClInclude>
    <ClInclude Include="common\ParameterTypes.hxx">
      <Filter>Header Files</Filter>
    </ClInclude>
    <ClInclude Include="common\os\ParseBuffer.hxx">
      <Filter>Header Files</Filter>
    </ClInclude>
    <ClInclude Include="common\ParseException.hxx">
      <Filter>Header Files</Filter>
    </ClInclude>
    <ClInclude Include="common\ParserCategories.hxx">
      <Filter>Header Files</Filter>
    </ClInclude>
    <ClInclude Include="common\ParserCategory.hxx">
      <Filter>Header Files</Filter>
    </ClInclude>
    <ClInclude Include="common\ParserContainer.hxx">
      <Filter>Header Files</Filter>
    </ClInclude>
    <ClInclude Include="common\ParserContainerBase.hxx">
      <Filter>Header Files</Filter>
    </ClInclude>
    <ClInclude Include="Path.h">
      <Filter>Header Files</Filter>
    </ClInclude>
    <ClInclude Include="common\PlainContents.hxx">
      <Filter>Header Files</Filter>
    </ClInclude>
    <ClInclude Include="common\QopParameter.hxx">
      <Filter>Header Files</Filter>
    </ClInclude>
    <ClInclude Include="common\QuotedDataParameter.hxx">
      <Filter>Header Files</Filter>
    </ClInclude>
    <ClInclude Include="common\os\Random.hxx">
      <Filter>Header Files</Filter>
    </ClInclude>
    <ClInclude Include="ReportFailure.h">
      <Filter>Header Files</Filter>
    </ClInclude>
    <ClInclude Include="ReportSuccess.h">
      <Filter>Header Files</Filter>
    </ClInclude>
    <ClInclude Include="common\RportParameter.hxx">
      <Filter>Header Files</Filter>
    </ClInclude>
    <ClInclude Include="common\os\Socket.hxx">
      <Filter>Header Files</Filter>
    </ClInclude>
    <ClInclude Include="Status.h">
      <Filter>Header Files</Filter>
    </ClInclude>
    <ClInclude Include="common\StringCategory.hxx">
      <Filter>Header Files</Filter>
    </ClInclude>
    <ClInclude Include="common\os\Subsystem.hxx">
      <Filter>Header Files</Filter>
    </ClInclude>
    <ClInclude Include="common\Symbols.hxx">
      <Filter>Header Files</Filter>
    </ClInclude>
    <ClInclude Include="common\os\SysLogBuf.hxx">
      <Filter>Header Files</Filter>
    </ClInclude>
    <ClInclude Include="common\os\SysLogStream.hxx">
      <Filter>Header Files</Filter>
    </ClInclude>
    <ClInclude Include="common\os\ThreadIf.hxx">
      <Filter>Header Files</Filter>
    </ClInclude>
    <ClInclude Include="common\os\Timer.hxx">
      <Filter>Header Files</Filter>
    </ClInclude>
    <ClInclude Include="common\Token.hxx">
      <Filter>Header Files</Filter>
    </ClInclude>
    <ClInclude Include="common\TransactionMessage.hxx">
      <Filter>Header Files</Filter>
    </ClInclude>
    <ClInclude Include="common\UnknownHeaderType.hxx">
      <Filter>Header Files</Filter>
    </ClInclude>
    <ClInclude Include="common\UnknownParameter.hxx">
      <Filter>Header Files</Filter>
    </ClInclude>
    <ClInclude Include="common\UnknownParameterType.hxx">
      <Filter>Header Files</Filter>
    </ClInclude>
    <ClInclude Include="common\os\vmd5.hxx">
      <Filter>Header Files</Filter>
    </ClInclude>
    <ClInclude Include="common\os\WinLeakCheck.hxx">
      <Filter>Header Files</Filter>
    </ClInclude>
  </ItemGroup>
</Project>